
Microsoft Visual Studio Solution File, Format Version 12.00
Project("{FAE04EC0-301F-11D3-BF4B-00C04F79EFBC}") = "Industries", "Industries\Industries.csproj", "{986DA3D0-5CD0-4896-88D7-A2C16C2B7B5E}"
EndProject
Project("{FAE04EC0-301F-11D3-BF4B-00C04F79EFBC}") = "Resources", "Resources\Resources.csproj", "{A99C7B86-EF1D-48C9-BC84-B16ABC1B58B2}"
EndProject
Project("{FAE04EC0-301F-11D3-BF4B-00C04F79EFBC}") = "Core", "Core\Core.csproj", "{C7D9436E-14A5-46F1-9180-75199DA9E4D0}"
EndProject
Project("{FAE04EC0-301F-11D3-BF4B-00C04F79EFBC}") = "WPFEntryPoint", "WPFEntryPoint\WPFEntryPoint.csproj", "{3478D279-7AFE-4BBD-A7D8-F7191E50B143}"
EndProject
Project("{FAE04EC0-301F-11D3-BF4B-00C04F79EFBC}") = "WPFIndustryPresentation", "WPFIndustryPresentation\WPFIndustryPresentation.csproj", "{606D28E5-4A66-41EA-A2BB-595D7FE5F435}"
EndProject
Global
	GlobalSection(SolutionConfigurationPlatforms) = preSolution
		Debug|Any CPU = Debug|Any CPU
		Release|Any CPU = Release|Any CPU
	EndGlobalSection
	GlobalSection(ProjectConfigurationPlatforms) = postSolution
		{986DA3D0-5CD0-4896-88D7-A2C16C2B7B5E}.Debug|Any CPU.ActiveCfg = Debug|Any CPU
		{986DA3D0-5CD0-4896-88D7-A2C16C2B7B5E}.Debug|Any CPU.Build.0 = Debug|Any CPU
		{986DA3D0-5CD0-4896-88D7-A2C16C2B7B5E}.Release|Any CPU.ActiveCfg = Release|Any CPU
		{986DA3D0-5CD0-4896-88D7-A2C16C2B7B5E}.Release|Any CPU.Build.0 = Release|Any CPU
		{A99C7B86-EF1D-48C9-BC84-B16ABC1B58B2}.Debug|Any CPU.ActiveCfg = Debug|Any CPU
		{A99C7B86-EF1D-48C9-BC84-B16ABC1B58B2}.Debug|Any CPU.Build.0 = Debug|Any CPU
		{A99C7B86-EF1D-48C9-BC84-B16ABC1B58B2}.Release|Any CPU.ActiveCfg = Release|Any CPU
		{A99C7B86-EF1D-48C9-BC84-B16ABC1B58B2}.Release|Any CPU.Build.0 = Release|Any CPU
		{C7D9436E-14A5-46F1-9180-75199DA9E4D0}.Debug|Any CPU.ActiveCfg = Debug|Any CPU
		{C7D9436E-14A5-46F1-9180-75199DA9E4D0}.Debug|Any CPU.Build.0 = Debug|Any CPU
		{C7D9436E-14A5-46F1-9180-75199DA9E4D0}.Release|Any CPU.ActiveCfg = Release|Any CPU
		{C7D9436E-14A5-46F1-9180-75199DA9E4D0}.Release|Any CPU.Build.0 = Release|Any CPU
		{3478D279-7AFE-4BBD-A7D8-F7191E50B143}.Debug|Any CPU.ActiveCfg = Debug|Any CPU
		{3478D279-7AFE-4BBD-A7D8-F7191E50B143}.Debug|Any CPU.Build.0 = Debug|Any CPU
		{3478D279-7AFE-4BBD-A7D8-F7191E50B143}.Release|Any CPU.ActiveCfg = Release|Any CPU
		{3478D279-7AFE-4BBD-A7D8-F7191E50B143}.Release|Any CPU.Build.0 = Release|Any CPU
		{606D28E5-4A66-41EA-A2BB-595D7FE5F435}.Debug|Any CPU.ActiveCfg = Debug|Any CPU
		{606D28E5-4A66-41EA-A2BB-595D7FE5F435}.Debug|Any CPU.Build.0 = Debug|Any CPU
		{606D28E5-4A66-41EA-A2BB-595D7FE5F435}.Release|Any CPU.ActiveCfg = Release|Any CPU
		{606D28E5-4A66-41EA-A2BB-595D7FE5F435}.Release|Any CPU.Build.0 = Release|Any CPU
	EndGlobalSection
EndGlobal
